
Microsoft Visual Studio Solution File, Format Version 12.00
# Visual Studio Version 17
VisualStudioVersion = 17.4.33103.184
MinimumVisualStudioVersion = 10.0.40219.1
Project("{FAE04EC0-301F-11D3-BF4B-00C04F79EFBC}") = "Substitution_Cyphers", "Substitution_Cyphers\Substitution_Cyphers.csproj", "{A81221B2-2B6B-47D3-B140-62F28D19E9FE}"
EndProject
Global
	GlobalSection(SolutionConfigurationPlatforms) = preSolution
		Debug|Any CPU = Debug|Any CPU
		Release|Any CPU = Release|Any CPU
	EndGlobalSection
	GlobalSection(ProjectConfigurationPlatforms) = postSolution
		{A81221B2-2B6B-47D3-B140-62F28D19E9FE}.Debug|Any CPU.ActiveCfg = Debug|Any CPU
		{A81221B2-2B6B-47D3-B140-62F28D19E9FE}.Debug|Any CPU.Build.0 = Debug|Any CPU
		{A81221B2-2B6B-47D3-B140-62F28D19E9FE}.Release|Any CPU.ActiveCfg = Release|Any CPU
		{A81221B2-2B6B-47D3-B140-62F28D19E9FE}.Release|Any CPU.Build.0 = Release|Any CPU
	EndGlobalSection
	GlobalSection(SolutionProperties) = preSolution
		HideSolutionNode = FALSE
	EndGlobalSection
	GlobalSection(ExtensibilityGlobals) = postSolution
		SolutionGuid = {ECD9E2D8-A0B3-4870-B791-B05D0A3281E9}
	EndGlobalSection
EndGlobal
